
Microsoft Visual Studio Solution File, Format Version 12.00
# Visual Studio Version 17
VisualStudioVersion = 17.7.34024.191
MinimumVisualStudioVersion = 10.0.40219.1
Project("{FAE04EC0-301F-11D3-BF4B-00C04F79EFBC}") = "index.html", "index.html\index.html.csproj", "{795B6F13-EDA5-4C53-8E8A-3BC2A019254E}"
EndProject
Global
	GlobalSection(SolutionConfigurationPlatforms) = preSolution
		Debug|Any CPU = Debug|Any CPU
		Release|Any CPU = Release|Any CPU
	EndGlobalSection
	GlobalSection(ProjectConfigurationPlatforms) = postSolution
		{795B6F13-EDA5-4C53-8E8A-3BC2A019254E}.Debug|Any CPU.ActiveCfg = Debug|Any CPU
		{795B6F13-EDA5-4C53-8E8A-3BC2A019254E}.Debug|Any CPU.Build.0 = Debug|Any CPU
		{795B6F13-EDA5-4C53-8E8A-3BC2A019254E}.Release|Any CPU.ActiveCfg = Release|Any CPU
		{795B6F13-EDA5-4C53-8E8A-3BC2A019254E}.Release|Any CPU.Build.0 = Release|Any CPU
	EndGlobalSection
	GlobalSection(SolutionProperties) = preSolution
		HideSolutionNode = FALSE
	EndGlobalSection
	GlobalSection(ExtensibilityGlobals) = postSolution
		SolutionGuid = {839FC377-4F04-4495-8524-54CE62B44B74}
	EndGlobalSection
EndGlobal
